# THIS IS AN AUTOGENERATED FILE. DO NOT EDIT THIS FILE DIRECTLY.
# yarn lockfile v1


"@formatjs/intl-displaynames@^1.2.0":
  version "1.2.10"
  resolved "https://registry.yarnpkg.com/@formatjs/intl-displaynames/-/intl-displaynames-1.2.10.tgz#bb9625cca90b099978cd967c6a98aaf4e23fc878"
  integrity sha512-GROA2RP6+7Ouu0WnHFF78O5XIU7pBfI19WM1qm93l6MFWibUk67nCfVCK3VAYJkLy8L8ZxjkYT11VIAfvSz8wg==
  dependencies:
    "@formatjs/intl-utils" "^2.3.0"

"@formatjs/intl-listformat@^1.4.1":
  version "1.4.8"
  resolved "https://registry.yarnpkg.com/@formatjs/intl-listformat/-/intl-listformat-1.4.8.tgz#70b81005e7dcf74329cb5b314a940ce5fce36cd0"
  integrity sha512-WNMQlEg0e50VZrGIkgD5n7+DAMGt3boKi1GJALfhFMymslJb5i+5WzWxyj/3a929Z6MAFsmzRIJjKuv+BxKAOQ==
  dependencies:
    "@formatjs/intl-utils" "^2.3.0"

"@formatjs/intl-relativetimeformat@^4.5.9":
  version "4.5.16"
  resolved "https://registry.yarnpkg.com/@formatjs/intl-relativetimeformat/-/intl-relativetimeformat-4.5.16.tgz#7449cef3213dd66d25924ca41f125f87b58df95a"
  integrity sha512-IQ0haY97oHAH5OYUdykNiepdyEWj3SAT+Fp9ZpR85ov2JNiFx+12WWlxlVS8ehdyncC2ZMt/SwFIy2huK2+6/A==
  dependencies:
    "@formatjs/intl-utils" "^2.3.0"

"@formatjs/intl-unified-numberformat@^3.2.0":
  version "3.3.7"
  resolved "https://registry.yarnpkg.com/@formatjs/intl-unified-numberformat/-/intl-unified-numberformat-3.3.7.tgz#9995a24568908188e716d81a1de5b702b2ee00e2"
  integrity sha512-KnWgLRHzCAgT9eyt3OS34RHoyD7dPDYhRcuKn+/6Kv2knDF8Im43J6vlSW6Hm1w63fNq3ZIT1cFk7RuVO3Psag==
  dependencies:
    "@formatjs/intl-utils" "^2.3.0"

"@formatjs/intl-utils@^2.2.0", "@formatjs/intl-utils@^2.3.0":
  version "2.3.0"
  resolved "https://registry.yarnpkg.com/@formatjs/intl-utils/-/intl-utils-2.3.0.tgz#2dc8c57044de0340eb53a7ba602e59abf80dc799"
  integrity sha512-KWk80UPIzPmUg+P0rKh6TqspRw0G6eux1PuJr+zz47ftMaZ9QDwbGzHZbtzWkl5hgayM/qrKRutllRC7D/vVXQ==

"@types/hoist-non-react-statics@^3.3.1":
  version "3.3.1"
  resolved "https://registry.yarnpkg.com/@types/hoist-non-react-statics/-/hoist-non-react-statics-3.3.1.tgz#1124aafe5118cb591977aeb1ceaaed1070eb039f"
  integrity sha512-iMIqiko6ooLrTh1joXodJK5X9xeEALT1kM5G3ZLhD3hszxBdIEd5C75U834D9mLcINgD4OyZf5uQXjkuYydWvA==
  dependencies:
    "@types/react" "*"
    hoist-non-react-statics "^3.3.0"

"@types/invariant@^2.2.31":
  version "2.2.34"
  resolved "https://registry.yarnpkg.com/@types/invariant/-/invariant-2.2.34.tgz#05e4f79f465c2007884374d4795452f995720bbe"
  integrity sha512-lYUtmJ9BqUN688fGY1U1HZoWT1/Jrmgigx2loq4ZcJpICECm/Om3V314BxdzypO0u5PORKGMM6x0OXaljV1YFg==

"@types/node@^14.14.8":
  version "14.14.44"
  resolved "https://registry.yarnpkg.com/@types/node/-/node-14.14.44.tgz#df7503e6002847b834371c004b372529f3f85215"
  integrity sha512-+gaugz6Oce6ZInfI/tK4Pq5wIIkJMEJUu92RB3Eu93mtj4wjjjz9EB5mLp5s1pSsLXdC/CPut/xF20ZzAQJbTA==

"@types/prop-types@*":
  version "15.7.3"
  resolved "https://registry.yarnpkg.com/@types/prop-types/-/prop-types-15.7.3.tgz#2ab0d5da2e5815f94b0b9d4b95d1e5f243ab2ca7"
  integrity sha512-KfRL3PuHmqQLOG+2tGpRO26Ctg+Cq1E01D2DMriKEATHgWLfeNDmq9e29Q9WIky0dQ3NPkd1mzYH8Lm936Z9qw==

"@types/react@*":
  version "17.0.5"
  resolved "https://registry.yarnpkg.com/@types/react/-/react-17.0.5.tgz#3d887570c4489011f75a3fc8f965bf87d09a1bea"
  integrity sha512-bj4biDB9ZJmGAYTWSKJly6bMr4BLUiBrx9ujiJEoP9XIDY9CTaPGxE5QWN/1WjpPLzYF7/jRNnV2nNxNe970sw==
  dependencies:
    "@types/prop-types" "*"
    "@types/scheduler" "*"
    csstype "^3.0.2"

"@types/react@^16.9.23":
  version "16.14.6"
  resolved "https://registry.yarnpkg.com/@types/react/-/react-16.14.6.tgz#d933a2a6bc1bfe320a5eea480e8f45ba8126d6ee"
  integrity sha512-Ol/aFKune+P0FSFKIgf+XbhGzYGyz0p7g5befSt4rmbzfGLaZR0q7jPew9k7d3bvrcuaL8dPy9Oz3XGZmf9n+w==
  dependencies:
    "@types/prop-types" "*"
    "@types/scheduler" "*"
    csstype "^3.0.2"

"@types/scheduler@*":
  version "0.16.1"
  resolved "https://registry.yarnpkg.com/@types/scheduler/-/scheduler-0.16.1.tgz#18845205e86ff0038517aab7a18a62a6b9f71275"
  integrity sha512-EaCxbanVeyxDRTQBkdLb3Bvl/HK7PBK6UJjsSixB0iHKoWxE5uu2Q/DgtpOhPIojN0Zl1whvOd7PoHs2P0s5eA==

csstype@^3.0.2:
  version "3.0.8"
  resolved "https://registry.yarnpkg.com/csstype/-/csstype-3.0.8.tgz#d2266a792729fb227cd216fb572f43728e1ad340"
  integrity sha512-jXKhWqXPmlUeoQnF/EhTtTl4C9SnrxSH/jZUih3jmO6lBKr99rP3/+FmrMj4EFpOXzMtXHAZkd3x0E6h6Fgflw==

hoist-non-react-statics@^3.3.0, hoist-non-react-statics@^3.3.2:
  version "3.3.2"
  resolved "https://registry.yarnpkg.com/hoist-non-react-statics/-/hoist-non-react-statics-3.3.2.tgz#ece0acaf71d62c2969c2ec59feff42a4b1a85b45"
  integrity sha512-/gGivxi8JPKWNm/W0jSmzcMPpfpPLc3dY/6GxhX2hQ9iGj3aDfklV4ET7NjKpSinLpJ5vafa9iiGIEZg10SfBw==
  dependencies:
    react-is "^16.7.0"

intl-format-cache@^4.2.21:
  version "4.3.1"
  resolved "https://registry.yarnpkg.com/intl-format-cache/-/intl-format-cache-4.3.1.tgz#484d31a9872161e6c02139349b259a6229ade377"
  integrity sha512-OEUYNA7D06agqPOYhbTkl0T8HA3QKSuwWh1HiClEnpd9vw7N+3XsQt5iZ0GUEchp5CW1fQk/tary+NsbF3yQ1Q==

intl-messageformat-parser@^3.6.4:
  version "3.6.4"
  resolved "https://registry.yarnpkg.com/intl-messageformat-parser/-/intl-messageformat-parser-3.6.4.tgz#5199d106d816c3dda26ee0694362a9cf823978fb"
  integrity sha512-RgPGwue0mJtoX2Ax8EmMzJzttxjnva7gx0Q7mKJ4oALrTZvtmCeAw5Msz2PcjW4dtCh/h7vN/8GJCxZO1uv+OA==
  dependencies:
    "@formatjs/intl-unified-numberformat" "^3.2.0"

intl-messageformat@^7.8.4:
  version "7.8.4"
  resolved "https://registry.yarnpkg.com/intl-messageformat/-/intl-messageformat-7.8.4.tgz#c29146a06b9cd26662978a4d95fff2b133e3642f"
  integrity sha512-yS0cLESCKCYjseCOGXuV4pxJm/buTfyCJ1nzQjryHmSehlptbZbn9fnlk1I9peLopZGGbjj46yHHiTAEZ1qOTA==
  dependencies:
    intl-format-cache "^4.2.21"
    intl-messageformat-parser "^3.6.4"

"js-tokens@^3.0.0 || ^4.0.0":
  version "4.0.0"
  resolved "https://registry.yarnpkg.com/js-tokens/-/js-tokens-4.0.0.tgz#19203fb59991df98e3a287050d4647cdeaf32499"
  integrity sha512-RdJUflcE3cUzKiMqQgsCu06FPu9UdIJO0beYbPhHN4k6apgJtifcoCtT9bcxOpYBtpD2kCM6Sbzg4CausW/PKQ==

loose-envify@^1.1.0, loose-envify@^1.4.0:
  version "1.4.0"
  resolved "https://registry.yarnpkg.com/loose-envify/-/loose-envify-1.4.0.tgz#71ee51fa7be4caec1a63839f7e682d8132d30caf"
  integrity sha512-lyuxPGr/Wfhrlem2CL/UcnUc1zcqKAImBDzukY7Y5F/yQiNdko6+fRLevlw1HgMySw7f611UIY408EtxRSoK3Q==
  dependencies:
    js-tokens "^3.0.0 || ^4.0.0"

lscache@^1.3.0:
  version "1.3.0"
  resolved "https://registry.yarnpkg.com/lscache/-/lscache-1.3.0.tgz#2221fd39f3393d2dfbc6ed2231beb52e11e43396"
  integrity sha512-0JwzMSSu3fd3m8QQVbqIxzXywkNLQvgdNehuEtZ66v7f89ybpkZX+WN45SkvChP4AqUPSpDPJKHsAqStOhHgUA==

object-assign@^4.1.1:
  version "4.1.1"
  resolved "https://registry.yarnpkg.com/object-assign/-/object-assign-4.1.1.tgz#2109adc7965887cfc05cbbd442cac8bfbb360863"
  integrity sha1-IQmtx5ZYh8/AXLvUQsrIv7s2CGM=

prop-types@^15.6.2:
  version "15.7.2"
  resolved "https://registry.yarnpkg.com/prop-types/-/prop-types-15.7.2.tgz#52c41e75b8c87e72b9d9360e0206b99dcbffa6c5"
  integrity sha512-8QQikdH7//R2vurIJSutZ1smHYTcLpRWEOlHnzcWHmBYrOGUysKwSsrC89BCiFj3CbrfJ/nXFdJepOVrY1GCHQ==
  dependencies:
    loose-envify "^1.4.0"
    object-assign "^4.1.1"
    react-is "^16.8.1"

punycode@1.3.2:
  version "1.3.2"
  resolved "https://registry.yarnpkg.com/punycode/-/punycode-1.3.2.tgz#9653a036fb7c1ee42342f2325cceefea3926c48d"
  integrity sha1-llOgNvt8HuQjQvIyXM7v6jkmxI0=

querystring@0.2.0:
  version "0.2.0"
  resolved "https://registry.yarnpkg.com/querystring/-/querystring-0.2.0.tgz#b209849203bb25df820da756e747005878521620"
  integrity sha1-sgmEkgO7Jd+CDadW50cAWHhSFiA=

react-dom@^16.2.0:
  version "16.14.0"
  resolved "https://registry.yarnpkg.com/react-dom/-/react-dom-16.14.0.tgz#7ad838ec29a777fb3c75c3a190f661cf92ab8b89"
  integrity sha512-1gCeQXDLoIqMgqD3IO2Ah9bnf0w9kzhwN5q4FGnHZ67hBm9yePzB5JJAIQCc8x3pFnNlwFq4RidZggNAAkzWWw==
  dependencies:
    loose-envify "^1.1.0"
    object-assign "^4.1.1"
    prop-types "^15.6.2"
    scheduler "^0.19.1"

react-intl@^3.12.0:
  version "3.12.1"
  resolved "https://registry.yarnpkg.com/react-intl/-/react-intl-3.12.1.tgz#e9a783ea20302e9da25e4eda59e5593a43d2ec80"
  integrity sha512-cgumW29mwROIqyp8NXStYsoIm27+8FqnxykiLSawWjOxGIBeLuN/+p2srei5SRIumcJefOkOIHP+NDck05RgHg==
  dependencies:
    "@formatjs/intl-displaynames" "^1.2.0"
    "@formatjs/intl-listformat" "^1.4.1"
    "@formatjs/intl-relativetimeformat" "^4.5.9"
    "@formatjs/intl-unified-numberformat" "^3.2.0"
    "@formatjs/intl-utils" "^2.2.0"
    "@types/hoist-non-react-statics" "^3.3.1"
    "@types/invariant" "^2.2.31"
    hoist-non-react-statics "^3.3.2"
    intl-format-cache "^4.2.21"
    intl-messageformat "^7.8.4"
    intl-messageformat-parser "^3.6.4"
    shallow-equal "^1.2.1"

react-is@^16.7.0, react-is@^16.8.1:
  version "16.13.1"
  resolved "https://registry.yarnpkg.com/react-is/-/react-is-16.13.1.tgz#789729a4dc36de2999dc156dd6c1d9c18cea56a4"
  integrity sha512-24e6ynE2H+OKt4kqsOvNd8kBpV65zoxbA4BVsEOB3ARVWQki/DHzaUoC5KuON/BiccDaCCTZBuOcfZs70kR8bQ==

react@^16.2.0:
  version "16.14.0"
  resolved "https://registry.yarnpkg.com/react/-/react-16.14.0.tgz#94d776ddd0aaa37da3eda8fc5b6b18a4c9a3114d"
  integrity sha512-0X2CImDkJGApiAlcf0ODKIneSwBPhqJawOa5wCtKbu7ZECrmS26NvtSILynQ66cgkT/RJ4LidJOc3bUESwmU8g==
  dependencies:
    loose-envify "^1.1.0"
    object-assign "^4.1.1"
    prop-types "^15.6.2"

scheduler@^0.19.1:
  version "0.19.1"
  resolved "https://registry.yarnpkg.com/scheduler/-/scheduler-0.19.1.tgz#4f3e2ed2c1a7d65681f4c854fa8c5a1ccb40f196"
  integrity sha512-n/zwRWRYSUj0/3g/otKDRPMh6qv2SYMWNq85IEa8iZyAv8od9zDYpGSnpBEjNgcMNq6Scbu5KfIPxNF72R/2EA==
  dependencies:
    loose-envify "^1.1.0"
    object-assign "^4.1.1"

shallow-equal@^1.2.1:
  version "1.2.1"
  resolved "https://registry.yarnpkg.com/shallow-equal/-/shallow-equal-1.2.1.tgz#4c16abfa56043aa20d050324efa68940b0da79da"
  integrity sha512-S4vJDjHHMBaiZuT9NPb616CSmLf618jawtv3sufLl6ivK8WocjAo58cXwbRV1cgqxH0Qbv+iUt6m05eqEa2IRA==

url@^0.11.0:
  version "0.11.0"
  resolved "https://registry.yarnpkg.com/url/-/url-0.11.0.tgz#3838e97cfc60521eb73c525a8e55bfdd9e2e28f1"
  integrity sha1-ODjpfPxgUh63PFJajlW/3Z4uKPE=
  dependencies:
    punycode "1.3.2"
    querystring "0.2.0"
